<?xml version="1.0" encoding="utf-8"?>
<Project ToolsVersion="4.0" xmlns="http://schemas.microsoft.com/developer/msbuild/2003">
  <ItemGroup>
    <Filter Include="Dunix">
      <UniqueIdentifier>{AD8C0F0D-19A1-37BE-E222-DB1D4EF633EF}</UniqueIdentifier>
    </Filter>
    <Filter Include="Dunix\Events">
      <UniqueIdentifier>{F1938C5A-DDF6-1BFF-867C-54B572BEE781}</UniqueIdentifier>
    </Filter>
    <Filter Include="Dunix\WIndow">
      <UniqueIdentifier>{D4E45F81-C047-EF25-69CD-27DC550FBBA8}</UniqueIdentifier>
    </Filter>
  </ItemGroup>
  <ItemGroup>
    <ClInclude Include="src\Dunix.h" />
    <ClInclude Include="src\Dunix\Application.h">
      <Filter>Dunix</Filter>
    </ClInclude>
    <ClInclude Include="src\Dunix\Core.h">
      <Filter>Dunix</Filter>
    </ClInclude>
    <ClInclude Include="src\Dunix\EntryPoint.h">
      <Filter>Dunix</Filter>
    </ClInclude>
    <ClInclude Include="src\Dunix\Events\Event.h">
      <Filter>Dunix\Events</Filter>
    </ClInclude>
    <ClInclude Include="src\Dunix\Events\EventDispatcher.h">
      <Filter>Dunix\Events</Filter>
    </ClInclude>
    <ClInclude Include="src\Dunix\Events\KeyEvent.h">
      <Filter>Dunix\Events</Filter>
    </ClInclude>
    <ClInclude Include="src\Dunix\Log.h">
      <Filter>Dunix</Filter>
    </ClInclude>
    <ClInclude Include="src\Dunix\WIndow\GLFWWindow.h">
      <Filter>Dunix\WIndow</Filter>
    </ClInclude>
    <ClInclude Include="src\Dunix\WIndow\Window.h">
      <Filter>Dunix\WIndow</Filter>
    </ClInclude>
    <ClInclude Include="src\dxpch.h" />
  </ItemGroup>
  <ItemGroup>
    <ClCompile Include="src\Dunix\Application.cpp">
      <Filter>Dunix</Filter>
    </ClCompile>
    <ClCompile Include="src\Dunix\Log.cpp">
      <Filter>Dunix</Filter>
    </ClCompile>
    <ClCompile Include="src\dxpch.cpp" />
  </ItemGroup>
</Project>