<?xml version="1.0" encoding="utf-8"?>
<Project ToolsVersion="4.0" xmlns="http://schemas.microsoft.com/developer/msbuild/2003">
  <ItemGroup>
    <Filter Include="Dunix">
      <UniqueIdentifier>{AD8C0F0D-19A1-37BE-E222-DB1D4EF633EF}</UniqueIdentifier>
    </Filter>
  </ItemGroup>
  <ItemGroup>
    <ClInclude Include="src\Dunix.h" />
    <ClInclude Include="src\Dunix\Application.h">
      <Filter>Dunix</Filter>
    </ClInclude>
    <ClInclude Include="src\Dunix\Core.h">
      <Filter>Dunix</Filter>
    </ClInclude>
    <ClInclude Include="src\Dunix\EntryPoint.h">
      <Filter>Dunix</Filter>
    </ClInclude>
    <ClInclude Include="src\Dunix\Log.h">
      <Filter>Dunix</Filter>
    </ClInclude>
    <ClInclude Include="src\Dunix\Events\Event.h" />
    <ClInclude Include="src\Dunix\Events\EventDispatcher.h" />
    <ClInclude Include="src\Dunix\Events\KeyEvent.h" />
    <ClInclude Include="src\dxpch.h" />
  </ItemGroup>
  <ItemGroup>
    <ClCompile Include="src\Dunix\Application.cpp">
      <Filter>Dunix</Filter>
    </ClCompile>
    <ClCompile Include="src\Dunix\Log.cpp">
      <Filter>Dunix</Filter>
    </ClCompile>
    <ClCompile Include="src\dxpch.cpp" />
  </ItemGroup>
</Project>