<?xml version="1.0" encoding="utf-8"?>
<Project ToolsVersion="4.0" xmlns="http://schemas.microsoft.com/developer/msbuild/2003">
  <ItemGroup>
    <Filter Include="Dunix">
      <UniqueIdentifier>{AD8C0F0D-19A1-37BE-E222-DB1D4EF633EF}</UniqueIdentifier>
    </Filter>
    <Filter Include="Dunix\Core">
      <UniqueIdentifier>{8E2E6C6B-6B4D-4A7F-9C76-6E9C0B2F5A11}</UniqueIdentifier>
    </Filter>
    <Filter Include="Dunix\Events">
      <UniqueIdentifier>{F1938C5A-DDF6-1BFF-867C-54B572BEE781}</UniqueIdentifier>
    </Filter>
    <Filter Include="Dunix\Window">
      <UniqueIdentifier>{F4F4A283-E057-3228-89DD-6ADE751FFEAA}</UniqueIdentifier>
    </Filter>
    <Filter Include="Dunix\Editor">
      <UniqueIdentifier>{4004761e-6a5d-43c7-84a2-5edede5e8831}</UniqueIdentifier>
    </Filter>
    <Filter Include="Dunix\Renderer">
      <UniqueIdentifier>{f2a6fed9-2234-497e-a6e4-6a59601e0b1c}</UniqueIdentifier>
    </Filter>
  </ItemGroup>
  <ItemGroup>
    <ClInclude Include="src\Dunix.h" />
    <ClInclude Include="src\Dunix\Events\Event.h">
      <Filter>Dunix\Events</Filter>
    </ClInclude>
    <ClInclude Include="src\Dunix\Events\EventDispatcher.h">
      <Filter>Dunix\Events</Filter>
    </ClInclude>
    <ClInclude Include="src\Dunix\Events\KeyEvent.h">
      <Filter>Dunix\Events</Filter>
    </ClInclude>
    <ClInclude Include="src\Dunix\Window\Window.h">
      <Filter>Dunix\Window</Filter>
    </ClInclude>
    <ClInclude Include="src\Dunix\Window\WindowGLFW.h">
      <Filter>Dunix\Window</Filter>
    </ClInclude>
    <ClInclude Include="src\dxpch.h" />
    <ClInclude Include="src\Dunix\Events\MouseEvent.h">
      <Filter>Dunix\Events</Filter>
    </ClInclude>
    <ClInclude Include="src\Dunix\Events\WindowEvent.h">
      <Filter>Dunix\Events</Filter>
    </ClInclude>
    <ClInclude Include="src\Dunix\Core\Application.h">
      <Filter>Dunix\Core</Filter>
    </ClInclude>
    <ClInclude Include="src\Dunix\Core\Core.h">
      <Filter>Dunix\Core</Filter>
    </ClInclude>
    <ClInclude Include="src\Dunix\Core\EntryPoint.h">
      <Filter>Dunix\Core</Filter>
    </ClInclude>
    <ClInclude Include="src\Dunix\Core\Log.h">
      <Filter>Dunix\Core</Filter>
    </ClInclude>
    <ClInclude Include="src\Dunix\Core\Layer.h">
      <Filter>Dunix\Core</Filter>
    </ClInclude>
    <ClInclude Include="src\Dunix\Core\LayerStack.h">
      <Filter>Dunix\Core</Filter>
    </ClInclude>
    <ClInclude Include="src\Dunix\Editor\ImGuiLayer.h">
      <Filter>Dunix\Editor</Filter>
    </ClInclude>
    <ClInclude Include="src\Dunix\Core\Input.h">
      <Filter>Dunix\Core</Filter>
    </ClInclude>
    <ClInclude Include="src\Dunix\Window\WindowsInput.h">
      <Filter>Dunix\Window</Filter>
    </ClInclude>
    <ClInclude Include="src\Dunix\Renderer\GraphicsContext.h" />
    <ClInclude Include="src\Dunix\Renderer\OpenGL\OpengGLContext.h" />
  </ItemGroup>
  <ItemGroup>
    <ClCompile Include="src\Dunix\Window\Window.cpp">
      <Filter>Dunix\Window</Filter>
    </ClCompile>
    <ClCompile Include="src\Dunix\Window\WindowGLFW.cpp">
      <Filter>Dunix\Window</Filter>
    </ClCompile>
    <ClCompile Include="src\dxpch.cpp" />
    <ClCompile Include="src\Dunix\Core\Application.cpp">
      <Filter>Dunix\Core</Filter>
    </ClCompile>
    <ClCompile Include="src\Dunix\Core\Log.cpp">
      <Filter>Dunix\Core</Filter>
    </ClCompile>
    <ClCompile Include="src\Dunix\Core\Layer.cpp">
      <Filter>Dunix\Core</Filter>
    </ClCompile>
    <ClCompile Include="src\Dunix\Core\LayerStack.cpp">
      <Filter>Dunix\Core</Filter>
    </ClCompile>
    <ClCompile Include="src\Dunix\Editor\ImGuiLayer.cpp">
      <Filter>Dunix\Editor</Filter>
    </ClCompile>
    <ClCompile Include="src\Dunix\Window\WindowsInput.cpp">
      <Filter>Dunix\Window</Filter>
    </ClCompile>
    <ClCompile Include="src\Dunix\Editor\ImGuiBuild.cpp" />
    <ClCompile Include="src\Dunix\Renderer\OpenGL\OpengGLContext.cpp" />
  </ItemGroup>
</Project>